// !$*UTF8*$!
{
	archiveVersion = 1;
	classes = {
	};
	objectVersion = 50;
	objects = {

/* Begin PBXBuildFile section */
		B93582C322CBBAF400121234 /* AppDelegate.swift in Sources */ = {isa = PBXBuildFile; fileRef = B93582C222CBBAF400121234 /* AppDelegate.swift */; };
		B93582C522CBBAF400121234 /* SceneDelegate.swift in Sources */ = {isa = PBXBuildFile; fileRef = B93582C422CBBAF400121234 /* SceneDelegate.swift */; };
		B93582C722CBBAF400121234 /* EmojiList.swift in Sources */ = {isa = PBXBuildFile; fileRef = B93582C622CBBAF400121234 /* EmojiList.swift */; };
		B93582C922CBBAF600121234 /* Assets.xcassets in Resources */ = {isa = PBXBuildFile; fileRef = B93582C822CBBAF600121234 /* Assets.xcassets */; };
		B93582CC22CBBAF600121234 /* Preview Assets.xcassets in Resources */ = {isa = PBXBuildFile; fileRef = B93582CB22CBBAF600121234 /* Preview Assets.xcassets */; };
		B93582CF22CBBAF600121234 /* LaunchScreen.storyboard in Resources */ = {isa = PBXBuildFile; fileRef = B93582CD22CBBAF600121234 /* LaunchScreen.storyboard */; };
		B93582D722CBBB3000121234 /* Emoji.swift in Sources */ = {isa = PBXBuildFile; fileRef = B93582D622CBBB3000121234 /* Emoji.swift */; };
		B93582D922CBBDBE00121234 /* EmojiRow.swift in Sources */ = {isa = PBXBuildFile; fileRef = B93582D822CBBDBE00121234 /* EmojiRow.swift */; };
		B93582DB22CBBEA400121234 /* emoji-data.txt in Resources */ = {isa = PBXBuildFile; fileRef = B93582DA22CBBEA400121234 /* emoji-data.txt */; };
/* End PBXBuildFile section */

/* Begin PBXFileReference section */
		B93582BF22CBBAF400121234 /* Emoji.app */ = {isa = PBXFileReference; explicitFileType = wrapper.application; includeInIndex = 0; path = Emoji.app; sourceTree = BUILT_PRODUCTS_DIR; };
		B93582C222CBBAF400121234 /* AppDelegate.swift */ = {isa = PBXFileReference; lastKnownFileType = sourcecode.swift; path = AppDelegate.swift; sourceTree = "<group>"; };
		B93582C422CBBAF400121234 /* SceneDelegate.swift */ = {isa = PBXFileReference; lastKnownFileType = sourcecode.swift; path = SceneDelegate.swift; sourceTree = "<group>"; };
		B93582C622CBBAF400121234 /* EmojiList.swift */ = {isa = PBXFileReference; lastKnownFileType = sourcecode.swift; path = EmojiList.swift; sourceTree = "<group>"; };
		B93582C822CBBAF600121234 /* Assets.xcassets */ = {isa = PBXFileReference; lastKnownFileType = folder.assetcatalog; path = Assets.xcassets; sourceTree = "<group>"; };
		B93582CB22CBBAF600121234 /* Preview Assets.xcassets */ = {isa = PBXFileReference; lastKnownFileType = folder.assetcatalog; path = "Preview Assets.xcassets"; sourceTree = "<group>"; };
		B93582CE22CBBAF600121234 /* Base */ = {isa = PBXFileReference; lastKnownFileType = file.storyboard; name = Base; path = Base.lproj/LaunchScreen.storyboard; sourceTree = "<group>"; };
		B93582D022CBBAF600121234 /* Info.plist */ = {isa = PBXFileReference; lastKnownFileType = text.plist.xml; path = Info.plist; sourceTree = "<group>"; };
		B93582D622CBBB3000121234 /* Emoji.swift */ = {isa = PBXFileReference; lastKnownFileType = sourcecode.swift; path = Emoji.swift; sourceTree = "<group>"; };
		B93582D822CBBDBE00121234 /* EmojiRow.swift */ = {isa = PBXFileReference; lastKnownFileType = sourcecode.swift; path = EmojiRow.swift; sourceTree = "<group>"; };
		B93582DA22CBBEA400121234 /* emoji-data.txt */ = {isa = PBXFileReference; fileEncoding = 4; lastKnownFileType = text; path = "emoji-data.txt"; sourceTree = "<group>"; };
/* End PBXFileReference section */

/* Begin PBXFrameworksBuildPhase section */
		B93582BC22CBBAF400121234 /* Frameworks */ = {
			isa = PBXFrameworksBuildPhase;
			buildActionMask = 2147483647;
			files = (
			);
			runOnlyForDeploymentPostprocessing = 0;
		};
/* End PBXFrameworksBuildPhase section */

/* Begin PBXGroup section */
		B93582B622CBBAF400121234 = {
			isa = PBXGroup;
			children = (
				B93582C122CBBAF400121234 /* Emoji */,
				B93582C022CBBAF400121234 /* Products */,
			);
			sourceTree = "<group>";
		};
		B93582C022CBBAF400121234 /* Products */ = {
			isa = PBXGroup;
			children = (
				B93582BF22CBBAF400121234 /* Emoji.app */,
			);
			name = Products;
			sourceTree = "<group>";
		};
		B93582C122CBBAF400121234 /* Emoji */ = {
			isa = PBXGroup;
			children = (
				B93582D022CBBAF600121234 /* Info.plist */,
				B93582C222CBBAF400121234 /* AppDelegate.swift */,
				B93582D622CBBB3000121234 /* Emoji.swift */,
				B93582C622CBBAF400121234 /* EmojiList.swift */,
				B93582D822CBBDBE00121234 /* EmojiRow.swift */,
				B93582C422CBBAF400121234 /* SceneDelegate.swift */,
				B93582DA22CBBEA400121234 /* emoji-data.txt */,
				B93582C822CBBAF600121234 /* Assets.xcassets */,
				B93582CD22CBBAF600121234 /* LaunchScreen.storyboard */,
				B93582CA22CBBAF600121234 /* Preview Content */,
			);
			path = Emoji;
			sourceTree = "<group>";
		};
		B93582CA22CBBAF600121234 /* Preview Content */ = {
			isa = PBXGroup;
			children = (
				B93582CB22CBBAF600121234 /* Preview Assets.xcassets */,
			);
			path = "Preview Content";
			sourceTree = "<group>";
		};
/* End PBXGroup section */

/* Begin PBXNativeTarget section */
		B93582BE22CBBAF400121234 /* Emoji */ = {
			isa = PBXNativeTarget;
			buildConfigurationList = B93582D322CBBAF600121234 /* Build configuration list for PBXNativeTarget "Emoji" */;
			buildPhases = (
				B93582BB22CBBAF400121234 /* Sources */,
				B93582BC22CBBAF400121234 /* Frameworks */,
				B93582BD22CBBAF400121234 /* Resources */,
			);
			buildRules = (
			);
			dependencies = (
			);
			name = Emoji;
			productName = Emoji;
			productReference = B93582BF22CBBAF400121234 /* Emoji.app */;
			productType = "com.apple.product-type.application";
		};
/* End PBXNativeTarget section */

/* Begin PBXProject section */
		B93582B722CBBAF400121234 /* Project object */ = {
			isa = PBXProject;
			attributes = {
				LastSwiftUpdateCheck = 1100;
				LastUpgradeCheck = 1100;
				ORGANIZATIONNAME = "Coding Cobra";
				TargetAttributes = {
					B93582BE22CBBAF400121234 = {
						CreatedOnToolsVersion = 11.0;
					};
				};
			};
			buildConfigurationList = B93582BA22CBBAF400121234 /* Build configuration list for PBXProject "Emoji" */;
			compatibilityVersion = "Xcode 9.3";
			developmentRegion = en;
			hasScannedForEncodings = 0;
			knownRegions = (
				en,
				Base,
			);
			mainGroup = B93582B622CBBAF400121234;
			productRefGroup = B93582C022CBBAF400121234 /* Products */;
			projectDirPath = "";
			projectRoot = "";
			targets = (
				B93582BE22CBBAF400121234 /* Emoji */,
			);
		};
/* End PBXProject section */

/* Begin PBXResourcesBuildPhase section */
		B93582BD22CBBAF400121234 /* Resources */ = {
			isa = PBXResourcesBuildPhase;
			buildActionMask = 2147483647;
			files = (
				B93582CF22CBBAF600121234 /* LaunchScreen.storyboard in Resources */,
				B93582CC22CBBAF600121234 /* Preview Assets.xcassets in Resources */,
				B93582C922CBBAF600121234 /* Assets.xcassets in Resources */,
				B93582DB22CBBEA400121234 /* emoji-data.txt in Resources */,
			);
			runOnlyForDeploymentPostprocessing = 0;
		};
/* End PBXResourcesBuildPhase section */

/* Begin PBXSourcesBuildPhase section */
		B93582BB22CBBAF400121234 /* Sources */ = {
			isa = PBXSourcesBuildPhase;
			buildActionMask = 2147483647;
			files = (
				B93582C322CBBAF400121234 /* AppDelegate.swift in Sources */,
				B93582C522CBBAF400121234 /* SceneDelegate.swift in Sources */,
				B93582D722CBBB3000121234 /* Emoji.swift in Sources */,
				B93582D922CBBDBE00121234 /* EmojiRow.swift in Sources */,
				B93582C722CBBAF400121234 /* EmojiList.swift in Sources */,
			);
			runOnlyForDeploymentPostprocessing = 0;
		};
/* End PBXSourcesBuildPhase section */

/* Begin PBXVariantGroup section */
		B93582CD22CBBAF600121234 /* LaunchScreen.storyboard */ = {
			isa = PBXVariantGroup;
			children = (
				B93582CE22CBBAF600121234 /* Base */,
			);
			name = LaunchScreen.storyboard;
			sourceTree = "<group>";
		};
/* End PBXVariantGroup section */

/* Begin XCBuildConfiguration section */
		B93582D122CBBAF600121234 /* Debug */ = {
			isa = XCBuildConfiguration;
			buildSettings = {
				ALWAYS_SEARCH_USER_PATHS = NO;
				CLANG_ANALYZER_NONNULL = YES;
				CLANG_ANALYZER_NUMBER_OBJECT_CONVERSION = YES_AGGRESSIVE;
				CLANG_CXX_LANGUAGE_STANDARD = "gnu++14";
				CLANG_CXX_LIBRARY = "libc++";
				CLANG_ENABLE_MODULES = YES;
				CLANG_ENABLE_OBJC_ARC = YES;
				CLANG_ENABLE_OBJC_WEAK = YES;
				CLANG_WARN_BLOCK_CAPTURE_AUTORELEASING = YES;
				CLANG_WARN_BOOL_CONVERSION = YES;
				CLANG_WARN_COMMA = YES;
				CLANG_WARN_CONSTANT_CONVERSION = YES;
				CLANG_WARN_DEPRECATED_OBJC_IMPLEMENTATIONS = YES;
				CLANG_WARN_DIRECT_OBJC_ISA_USAGE = YES_ERROR;
				CLANG_WARN_DOCUMENTATION_COMMENTS = YES;
				CLANG_WARN_EMPTY_BODY = YES;
				CLANG_WARN_ENUM_CONVERSION = YES;
				CLANG_WARN_INFINITE_RECURSION = YES;
				CLANG_WARN_INT_CONVERSION = YES;
				CLANG_WARN_NON_LITERAL_NULL_CONVERSION = YES;
				CLANG_WARN_OBJC_IMPLICIT_RETAIN_SELF = YES;
				CLANG_WARN_OBJC_LITERAL_CONVERSION = YES;
				CLANG_WARN_OBJC_ROOT_CLASS = YES_ERROR;
				CLANG_WARN_RANGE_LOOP_ANALYSIS = YES;
				CLANG_WARN_STRICT_PROTOTYPES = YES;
				CLANG_WARN_SUSPICIOUS_MOVE = YES;
				CLANG_WARN_UNGUARDED_AVAILABILITY = YES_AGGRESSIVE;
				CLANG_WARN_UNREACHABLE_CODE = YES;
				CLANG_WARN__DUPLICATE_METHOD_MATCH = YES;
				COPY_PHASE_STRIP = NO;
				DEBUG_INFORMATION_FORMAT = dwarf;
				ENABLE_STRICT_OBJC_MSGSEND = YES;
				ENABLE_TESTABILITY = YES;
				GCC_C_LANGUAGE_STANDARD = gnu11;
				GCC_DYNAMIC_NO_PIC = NO;
				GCC_NO_COMMON_BLOCKS = YES;
				GCC_OPTIMIZATION_LEVEL = 0;
				GCC_PREPROCESSOR_DEFINITIONS = (
					"DEBUG=1",
					"$(inherited)",
				);
				GCC_WARN_64_TO_32_BIT_CONVERSION = YES;
				GCC_WARN_ABOUT_RETURN_TYPE = YES_ERROR;
				GCC_WARN_UNDECLARED_SELECTOR = YES;
				GCC_WARN_UNINITIALIZED_AUTOS = YES_AGGRESSIVE;
				GCC_WARN_UNUSED_FUNCTION = YES;
				GCC_WARN_UNUSED_VARIABLE = YES;
				IPHONEOS_DEPLOYMENT_TARGET = 13.0;
				MTL_ENABLE_DEBUG_INFO = INCLUDE_SOURCE;
				MTL_FAST_MATH = YES;
				ONLY_ACTIVE_ARCH = YES;
				SDKROOT = iphoneos;
				SWIFT_ACTIVE_COMPILATION_CONDITIONS = DEBUG;
				SWIFT_OPTIMIZATION_LEVEL = "-Onone";
			};
			name = Debug;
		};
		B93582D222CBBAF600121234 /* Release */ = {
			isa = XCBuildConfiguration;
			buildSettings = {
				ALWAYS_SEARCH_USER_PATHS = NO;
				CLANG_ANALYZER_NONNULL = YES;
				CLANG_ANALYZER_NUMBER_OBJECT_CONVERSION = YES_AGGRESSIVE;
				CLANG_CXX_LANGUAGE_STANDARD = "gnu++14";
				CLANG_CXX_LIBRARY = "libc++";
				CLANG_ENABLE_MODULES = YES;
				CLANG_ENABLE_OBJC_ARC = YES;
				CLANG_ENABLE_OBJC_WEAK = YES;
				CLANG_WARN_BLOCK_CAPTURE_AUTORELEASING = YES;
				CLANG_WARN_BOOL_CONVERSION = YES;
				CLANG_WARN_COMMA = YES;
				CLANG_WARN_CONSTANT_CONVERSION = YES;
				CLANG_WARN_DEPRECATED_OBJC_IMPLEMENTATIONS = YES;
				CLANG_WARN_DIRECT_OBJC_ISA_USAGE = YES_ERROR;
				CLANG_WARN_DOCUMENTATION_COMMENTS = YES;
				CLANG_WARN_EMPTY_BODY = YES;
				CLANG_WARN_ENUM_CONVERSION = YES;
				CLANG_WARN_INFINITE_RECURSION = YES;
				CLANG_WARN_INT_CONVERSION = YES;
				CLANG_WARN_NON_LITERAL_NULL_CONVERSION = YES;
				CLANG_WARN_OBJC_IMPLICIT_RETAIN_SELF = YES;
				CLANG_WARN_OBJC_LITERAL_CONVERSION = YES;
				CLANG_WARN_OBJC_ROOT_CLASS = YES_ERROR;
				CLANG_WARN_RANGE_LOOP_ANALYSIS = YES;
				CLANG_WARN_STRICT_PROTOTYPES = YES;
				CLANG_WARN_SUSPICIOUS_MOVE = YES;
				CLANG_WARN_UNGUARDED_AVAILABILITY = YES_AGGRESSIVE;
				CLANG_WARN_UNREACHABLE_CODE = YES;
				CLANG_WARN__DUPLICATE_METHOD_MATCH = YES;
				COPY_PHASE_STRIP = NO;
				DEBUG_INFORMATION_FORMAT = "dwarf-with-dsym";
				ENABLE_NS_ASSERTIONS = NO;
				ENABLE_STRICT_OBJC_MSGSEND = YES;
				GCC_C_LANGUAGE_STANDARD = gnu11;
				GCC_NO_COMMON_BLOCKS = YES;
				GCC_WARN_64_TO_32_BIT_CONVERSION = YES;
				GCC_WARN_ABOUT_RETURN_TYPE = YES_ERROR;
				GCC_WARN_UNDECLARED_SELECTOR = YES;
				GCC_WARN_UNINITIALIZED_AUTOS = YES_AGGRESSIVE;
				GCC_WARN_UNUSED_FUNCTION = YES;
				GCC_WARN_UNUSED_VARIABLE = YES;
				IPHONEOS_DEPLOYMENT_TARGET = 13.0;
				MTL_ENABLE_DEBUG_INFO = NO;
				MTL_FAST_MATH = YES;
				SDKROOT = iphoneos;
				SWIFT_COMPILATION_MODE = wholemodule;
				SWIFT_OPTIMIZATION_LEVEL = "-O";
				VALIDATE_PRODUCT = YES;
			};
			name = Release;
		};
		B93582D422CBBAF600121234 /* Debug */ = {
			isa = XCBuildConfiguration;
			buildSettings = {
				ASSETCATALOG_COMPILER_APPICON_NAME = AppIcon;
				CODE_SIGN_STYLE = Automatic;
				DEVELOPMENT_ASSET_PATHS = "Emoji/Preview\\ Content";
				DEVELOPMENT_TEAM = 4CZM4Q8JY8;
				ENABLE_PREVIEWS = YES;
				INFOPLIST_FILE = Emoji/Info.plist;
				LD_RUNPATH_SEARCH_PATHS = (
					"$(inherited)",
					"@executable_path/Frameworks",
				);
				PRODUCT_BUNDLE_IDENTIFIER = com.codingcobra.Emoji;
				PRODUCT_NAME = "$(TARGET_NAME)";
				SWIFT_VERSION = 5.0;
				TARGETED_DEVICE_FAMILY = "1,2";
			};
			name = Debug;
		};
		B93582D522CBBAF600121234 /* Release */ = {
			isa = XCBuildConfiguration;
			buildSettings = {
				ASSETCATALOG_COMPILER_APPICON_NAME = AppIcon;
				CODE_SIGN_STYLE = Automatic;
				DEVELOPMENT_ASSET_PATHS = "Emoji/Preview\\ Content";
				DEVELOPMENT_TEAM = 4CZM4Q8JY8;
				ENABLE_PREVIEWS = YES;
				INFOPLIST_FILE = Emoji/Info.plist;
				LD_RUNPATH_SEARCH_PATHS = (
					"$(inherited)",
					"@executable_path/Frameworks",
				);
				PRODUCT_BUNDLE_IDENTIFIER = com.codingcobra.Emoji;
				PRODUCT_NAME = "$(TARGET_NAME)";
				SWIFT_VERSION = 5.0;
				TARGETED_DEVICE_FAMILY = "1,2";
			};
			name = Release;
		};
/* End XCBuildConfiguration section */

/* Begin XCConfigurationList section */
		B93582BA22CBBAF400121234 /* Build configuration list for PBXProject "Emoji" */ = {
			isa = XCConfigurationList;
			buildConfigurations = (
				B93582D122CBBAF600121234 /* Debug */,
				B93582D222CBBAF600121234 /* Release */,
			);
			defaultConfigurationIsVisible = 0;
			defaultConfigurationName = Release;
		};
		B93582D322CBBAF600121234 /* Build configuration list for PBXNativeTarget "Emoji" */ = {
			isa = XCConfigurationList;
			buildConfigurations = (
				B93582D422CBBAF600121234 /* Debug */,
				B93582D522CBBAF600121234 /* Release */,
			);
			defaultConfigurationIsVisible = 0;
			defaultConfigurationName = Release;
		};
/* End XCConfigurationList section */
	};
	rootObject = B93582B722CBBAF400121234 /* Project object */;
}
