// !$*UTF8*$!
{
	archiveVersion = 1;
	classes = {
	};
	objectVersion = 50;
	objects = {

/* Begin PBXBuildFile section */
		B9ABF90025B786DD00E0BF58 /* EmojisApp.swift in Sources */ = {isa = PBXBuildFile; fileRef = B9ABF8FF25B786DD00E0BF58 /* EmojisApp.swift */; };
		B9ABF90425B786DF00E0BF58 /* Assets.xcassets in Resources */ = {isa = PBXBuildFile; fileRef = B9ABF90325B786DF00E0BF58 /* Assets.xcassets */; };
		B9ABF90725B786DF00E0BF58 /* Preview Assets.xcassets in Resources */ = {isa = PBXBuildFile; fileRef = B9ABF90625B786DF00E0BF58 /* Preview Assets.xcassets */; };
		B9ABF91D25B7879000E0BF58 /* Emoji.swift in Sources */ = {isa = PBXBuildFile; fileRef = B9ABF91C25B7879000E0BF58 /* Emoji.swift */; };
		B9ABF92025B7879600E0BF58 /* EmojiGrid.swift in Sources */ = {isa = PBXBuildFile; fileRef = B9ABF91F25B7879600E0BF58 /* EmojiGrid.swift */; };
		B9ABF92925B78A1500E0BF58 /* EmojiArray.swift in Sources */ = {isa = PBXBuildFile; fileRef = B9ABF92825B78A1500E0BF58 /* EmojiArray.swift */; };
		B9ABF92E25B78C1800E0BF58 /* Array+Extensions.swift in Sources */ = {isa = PBXBuildFile; fileRef = B9ABF92D25B78C1800E0BF58 /* Array+Extensions.swift */; };
/* End PBXBuildFile section */

/* Begin PBXFileReference section */
		B9ABF8FC25B786DD00E0BF58 /* Emojis.app */ = {isa = PBXFileReference; explicitFileType = wrapper.application; includeInIndex = 0; path = Emojis.app; sourceTree = BUILT_PRODUCTS_DIR; };
		B9ABF8FF25B786DD00E0BF58 /* EmojisApp.swift */ = {isa = PBXFileReference; lastKnownFileType = sourcecode.swift; path = EmojisApp.swift; sourceTree = "<group>"; };
		B9ABF90325B786DF00E0BF58 /* Assets.xcassets */ = {isa = PBXFileReference; lastKnownFileType = folder.assetcatalog; path = Assets.xcassets; sourceTree = "<group>"; };
		B9ABF90625B786DF00E0BF58 /* Preview Assets.xcassets */ = {isa = PBXFileReference; lastKnownFileType = folder.assetcatalog; path = "Preview Assets.xcassets"; sourceTree = "<group>"; };
		B9ABF90825B786DF00E0BF58 /* Info.plist */ = {isa = PBXFileReference; lastKnownFileType = text.plist.xml; path = Info.plist; sourceTree = "<group>"; };
		B9ABF91C25B7879000E0BF58 /* Emoji.swift */ = {isa = PBXFileReference; fileEncoding = 4; lastKnownFileType = sourcecode.swift; path = Emoji.swift; sourceTree = "<group>"; };
		B9ABF91F25B7879600E0BF58 /* EmojiGrid.swift */ = {isa = PBXFileReference; fileEncoding = 4; lastKnownFileType = sourcecode.swift; path = EmojiGrid.swift; sourceTree = "<group>"; };
		B9ABF92825B78A1500E0BF58 /* EmojiArray.swift */ = {isa = PBXFileReference; lastKnownFileType = sourcecode.swift; path = EmojiArray.swift; sourceTree = "<group>"; };
		B9ABF92D25B78C1800E0BF58 /* Array+Extensions.swift */ = {isa = PBXFileReference; lastKnownFileType = sourcecode.swift; path = "Array+Extensions.swift"; sourceTree = "<group>"; };
/* End PBXFileReference section */

/* Begin PBXFrameworksBuildPhase section */
		B9ABF8F925B786DD00E0BF58 /* Frameworks */ = {
			isa = PBXFrameworksBuildPhase;
			buildActionMask = 2147483647;
			files = (
			);
			runOnlyForDeploymentPostprocessing = 0;
		};
/* End PBXFrameworksBuildPhase section */

/* Begin PBXGroup section */
		B9ABF8F325B786DD00E0BF58 = {
			isa = PBXGroup;
			children = (
				B9ABF8FE25B786DD00E0BF58 /* Emojis */,
				B9ABF8FD25B786DD00E0BF58 /* Products */,
			);
			sourceTree = "<group>";
		};
		B9ABF8FD25B786DD00E0BF58 /* Products */ = {
			isa = PBXGroup;
			children = (
				B9ABF8FC25B786DD00E0BF58 /* Emojis.app */,
			);
			name = Products;
			sourceTree = "<group>";
		};
		B9ABF8FE25B786DD00E0BF58 /* Emojis */ = {
			isa = PBXGroup;
			children = (
				B9ABF90825B786DF00E0BF58 /* Info.plist */,
				B9ABF91C25B7879000E0BF58 /* Emoji.swift */,
				B9ABF92825B78A1500E0BF58 /* EmojiArray.swift */,
				B9ABF91F25B7879600E0BF58 /* EmojiGrid.swift */,
				B9ABF92D25B78C1800E0BF58 /* Array+Extensions.swift */,
				B9ABF8FF25B786DD00E0BF58 /* EmojisApp.swift */,
				B9ABF90325B786DF00E0BF58 /* Assets.xcassets */,
				B9ABF90525B786DF00E0BF58 /* Preview Content */,
			);
			path = Emojis;
			sourceTree = "<group>";
		};
		B9ABF90525B786DF00E0BF58 /* Preview Content */ = {
			isa = PBXGroup;
			children = (
				B9ABF90625B786DF00E0BF58 /* Preview Assets.xcassets */,
			);
			path = "Preview Content";
			sourceTree = "<group>";
		};
/* End PBXGroup section */

/* Begin PBXNativeTarget section */
		B9ABF8FB25B786DD00E0BF58 /* Emojis */ = {
			isa = PBXNativeTarget;
			buildConfigurationList = B9ABF90B25B786DF00E0BF58 /* Build configuration list for PBXNativeTarget "Emojis" */;
			buildPhases = (
				B9ABF8F825B786DD00E0BF58 /* Sources */,
				B9ABF8F925B786DD00E0BF58 /* Frameworks */,
				B9ABF8FA25B786DD00E0BF58 /* Resources */,
			);
			buildRules = (
			);
			dependencies = (
			);
			name = Emojis;
			productName = Emojis;
			productReference = B9ABF8FC25B786DD00E0BF58 /* Emojis.app */;
			productType = "com.apple.product-type.application";
		};
/* End PBXNativeTarget section */

/* Begin PBXProject section */
		B9ABF8F425B786DD00E0BF58 /* Project object */ = {
			isa = PBXProject;
			attributes = {
				LastSwiftUpdateCheck = 1230;
				LastUpgradeCheck = 1230;
				TargetAttributes = {
					B9ABF8FB25B786DD00E0BF58 = {
						CreatedOnToolsVersion = 12.3;
					};
				};
			};
			buildConfigurationList = B9ABF8F725B786DD00E0BF58 /* Build configuration list for PBXProject "Emojis" */;
			compatibilityVersion = "Xcode 9.3";
			developmentRegion = en;
			hasScannedForEncodings = 0;
			knownRegions = (
				en,
				Base,
			);
			mainGroup = B9ABF8F325B786DD00E0BF58;
			productRefGroup = B9ABF8FD25B786DD00E0BF58 /* Products */;
			projectDirPath = "";
			projectRoot = "";
			targets = (
				B9ABF8FB25B786DD00E0BF58 /* Emojis */,
			);
		};
/* End PBXProject section */

/* Begin PBXResourcesBuildPhase section */
		B9ABF8FA25B786DD00E0BF58 /* Resources */ = {
			isa = PBXResourcesBuildPhase;
			buildActionMask = 2147483647;
			files = (
				B9ABF90725B786DF00E0BF58 /* Preview Assets.xcassets in Resources */,
				B9ABF90425B786DF00E0BF58 /* Assets.xcassets in Resources */,
			);
			runOnlyForDeploymentPostprocessing = 0;
		};
/* End PBXResourcesBuildPhase section */

/* Begin PBXSourcesBuildPhase section */
		B9ABF8F825B786DD00E0BF58 /* Sources */ = {
			isa = PBXSourcesBuildPhase;
			buildActionMask = 2147483647;
			files = (
				B9ABF91D25B7879000E0BF58 /* Emoji.swift in Sources */,
				B9ABF92E25B78C1800E0BF58 /* Array+Extensions.swift in Sources */,
				B9ABF90025B786DD00E0BF58 /* EmojisApp.swift in Sources */,
				B9ABF92925B78A1500E0BF58 /* EmojiArray.swift in Sources */,
				B9ABF92025B7879600E0BF58 /* EmojiGrid.swift in Sources */,
			);
			runOnlyForDeploymentPostprocessing = 0;
		};
/* End PBXSourcesBuildPhase section */

/* Begin XCBuildConfiguration section */
		B9ABF90925B786DF00E0BF58 /* Debug */ = {
			isa = XCBuildConfiguration;
			buildSettings = {
				ALWAYS_SEARCH_USER_PATHS = NO;
				CLANG_ANALYZER_NONNULL = YES;
				CLANG_ANALYZER_NUMBER_OBJECT_CONVERSION = YES_AGGRESSIVE;
				CLANG_CXX_LANGUAGE_STANDARD = "gnu++14";
				CLANG_CXX_LIBRARY = "libc++";
				CLANG_ENABLE_MODULES = YES;
				CLANG_ENABLE_OBJC_ARC = YES;
				CLANG_ENABLE_OBJC_WEAK = YES;
				CLANG_WARN_BLOCK_CAPTURE_AUTORELEASING = YES;
				CLANG_WARN_BOOL_CONVERSION = YES;
				CLANG_WARN_COMMA = YES;
				CLANG_WARN_CONSTANT_CONVERSION = YES;
				CLANG_WARN_DEPRECATED_OBJC_IMPLEMENTATIONS = YES;
				CLANG_WARN_DIRECT_OBJC_ISA_USAGE = YES_ERROR;
				CLANG_WARN_DOCUMENTATION_COMMENTS = YES;
				CLANG_WARN_EMPTY_BODY = YES;
				CLANG_WARN_ENUM_CONVERSION = YES;
				CLANG_WARN_INFINITE_RECURSION = YES;
				CLANG_WARN_INT_CONVERSION = YES;
				CLANG_WARN_NON_LITERAL_NULL_CONVERSION = YES;
				CLANG_WARN_OBJC_IMPLICIT_RETAIN_SELF = YES;
				CLANG_WARN_OBJC_LITERAL_CONVERSION = YES;
				CLANG_WARN_OBJC_ROOT_CLASS = YES_ERROR;
				CLANG_WARN_QUOTED_INCLUDE_IN_FRAMEWORK_HEADER = YES;
				CLANG_WARN_RANGE_LOOP_ANALYSIS = YES;
				CLANG_WARN_STRICT_PROTOTYPES = YES;
				CLANG_WARN_SUSPICIOUS_MOVE = YES;
				CLANG_WARN_UNGUARDED_AVAILABILITY = YES_AGGRESSIVE;
				CLANG_WARN_UNREACHABLE_CODE = YES;
				CLANG_WARN__DUPLICATE_METHOD_MATCH = YES;
				COPY_PHASE_STRIP = NO;
				DEBUG_INFORMATION_FORMAT = dwarf;
				ENABLE_STRICT_OBJC_MSGSEND = YES;
				ENABLE_TESTABILITY = YES;
				GCC_C_LANGUAGE_STANDARD = gnu11;
				GCC_DYNAMIC_NO_PIC = NO;
				GCC_NO_COMMON_BLOCKS = YES;
				GCC_OPTIMIZATION_LEVEL = 0;
				GCC_PREPROCESSOR_DEFINITIONS = (
					"DEBUG=1",
					"$(inherited)",
				);
				GCC_WARN_64_TO_32_BIT_CONVERSION = YES;
				GCC_WARN_ABOUT_RETURN_TYPE = YES_ERROR;
				GCC_WARN_UNDECLARED_SELECTOR = YES;
				GCC_WARN_UNINITIALIZED_AUTOS = YES_AGGRESSIVE;
				GCC_WARN_UNUSED_FUNCTION = YES;
				GCC_WARN_UNUSED_VARIABLE = YES;
				IPHONEOS_DEPLOYMENT_TARGET = 14.3;
				MTL_ENABLE_DEBUG_INFO = INCLUDE_SOURCE;
				MTL_FAST_MATH = YES;
				ONLY_ACTIVE_ARCH = YES;
				SDKROOT = iphoneos;
				SWIFT_ACTIVE_COMPILATION_CONDITIONS = DEBUG;
				SWIFT_OPTIMIZATION_LEVEL = "-Onone";
			};
			name = Debug;
		};
		B9ABF90A25B786DF00E0BF58 /* Release */ = {
			isa = XCBuildConfiguration;
			buildSettings = {
				ALWAYS_SEARCH_USER_PATHS = NO;
				CLANG_ANALYZER_NONNULL = YES;
				CLANG_ANALYZER_NUMBER_OBJECT_CONVERSION = YES_AGGRESSIVE;
				CLANG_CXX_LANGUAGE_STANDARD = "gnu++14";
				CLANG_CXX_LIBRARY = "libc++";
				CLANG_ENABLE_MODULES = YES;
				CLANG_ENABLE_OBJC_ARC = YES;
				CLANG_ENABLE_OBJC_WEAK = YES;
				CLANG_WARN_BLOCK_CAPTURE_AUTORELEASING = YES;
				CLANG_WARN_BOOL_CONVERSION = YES;
				CLANG_WARN_COMMA = YES;
				CLANG_WARN_CONSTANT_CONVERSION = YES;
				CLANG_WARN_DEPRECATED_OBJC_IMPLEMENTATIONS = YES;
				CLANG_WARN_DIRECT_OBJC_ISA_USAGE = YES_ERROR;
				CLANG_WARN_DOCUMENTATION_COMMENTS = YES;
				CLANG_WARN_EMPTY_BODY = YES;
				CLANG_WARN_ENUM_CONVERSION = YES;
				CLANG_WARN_INFINITE_RECURSION = YES;
				CLANG_WARN_INT_CONVERSION = YES;
				CLANG_WARN_NON_LITERAL_NULL_CONVERSION = YES;
				CLANG_WARN_OBJC_IMPLICIT_RETAIN_SELF = YES;
				CLANG_WARN_OBJC_LITERAL_CONVERSION = YES;
				CLANG_WARN_OBJC_ROOT_CLASS = YES_ERROR;
				CLANG_WARN_QUOTED_INCLUDE_IN_FRAMEWORK_HEADER = YES;
				CLANG_WARN_RANGE_LOOP_ANALYSIS = YES;
				CLANG_WARN_STRICT_PROTOTYPES = YES;
				CLANG_WARN_SUSPICIOUS_MOVE = YES;
				CLANG_WARN_UNGUARDED_AVAILABILITY = YES_AGGRESSIVE;
				CLANG_WARN_UNREACHABLE_CODE = YES;
				CLANG_WARN__DUPLICATE_METHOD_MATCH = YES;
				COPY_PHASE_STRIP = NO;
				DEBUG_INFORMATION_FORMAT = "dwarf-with-dsym";
				ENABLE_NS_ASSERTIONS = NO;
				ENABLE_STRICT_OBJC_MSGSEND = YES;
				GCC_C_LANGUAGE_STANDARD = gnu11;
				GCC_NO_COMMON_BLOCKS = YES;
				GCC_WARN_64_TO_32_BIT_CONVERSION = YES;
				GCC_WARN_ABOUT_RETURN_TYPE = YES_ERROR;
				GCC_WARN_UNDECLARED_SELECTOR = YES;
				GCC_WARN_UNINITIALIZED_AUTOS = YES_AGGRESSIVE;
				GCC_WARN_UNUSED_FUNCTION = YES;
				GCC_WARN_UNUSED_VARIABLE = YES;
				IPHONEOS_DEPLOYMENT_TARGET = 14.3;
				MTL_ENABLE_DEBUG_INFO = NO;
				MTL_FAST_MATH = YES;
				SDKROOT = iphoneos;
				SWIFT_COMPILATION_MODE = wholemodule;
				SWIFT_OPTIMIZATION_LEVEL = "-O";
				VALIDATE_PRODUCT = YES;
			};
			name = Release;
		};
		B9ABF90C25B786DF00E0BF58 /* Debug */ = {
			isa = XCBuildConfiguration;
			buildSettings = {
				ASSETCATALOG_COMPILER_APPICON_NAME = AppIcon;
				ASSETCATALOG_COMPILER_GLOBAL_ACCENT_COLOR_NAME = AccentColor;
				CODE_SIGN_STYLE = Automatic;
				DEVELOPMENT_ASSET_PATHS = "\"Emojis/Preview Content\"";
				DEVELOPMENT_TEAM = 4CZM4Q8JY8;
				ENABLE_PREVIEWS = YES;
				INFOPLIST_FILE = Emojis/Info.plist;
				IPHONEOS_DEPLOYMENT_TARGET = 14.0;
				LD_RUNPATH_SEARCH_PATHS = (
					"$(inherited)",
					"@executable_path/Frameworks",
				);
				PRODUCT_BUNDLE_IDENTIFIER = stherold.Emojis;
				PRODUCT_NAME = "$(TARGET_NAME)";
				SWIFT_VERSION = 5.0;
				TARGETED_DEVICE_FAMILY = "1,2";
			};
			name = Debug;
		};
		B9ABF90D25B786DF00E0BF58 /* Release */ = {
			isa = XCBuildConfiguration;
			buildSettings = {
				ASSETCATALOG_COMPILER_APPICON_NAME = AppIcon;
				ASSETCATALOG_COMPILER_GLOBAL_ACCENT_COLOR_NAME = AccentColor;
				CODE_SIGN_STYLE = Automatic;
				DEVELOPMENT_ASSET_PATHS = "\"Emojis/Preview Content\"";
				DEVELOPMENT_TEAM = 4CZM4Q8JY8;
				ENABLE_PREVIEWS = YES;
				INFOPLIST_FILE = Emojis/Info.plist;
				IPHONEOS_DEPLOYMENT_TARGET = 14.0;
				LD_RUNPATH_SEARCH_PATHS = (
					"$(inherited)",
					"@executable_path/Frameworks",
				);
				PRODUCT_BUNDLE_IDENTIFIER = stherold.Emojis;
				PRODUCT_NAME = "$(TARGET_NAME)";
				SWIFT_VERSION = 5.0;
				TARGETED_DEVICE_FAMILY = "1,2";
			};
			name = Release;
		};
/* End XCBuildConfiguration section */

/* Begin XCConfigurationList section */
		B9ABF8F725B786DD00E0BF58 /* Build configuration list for PBXProject "Emojis" */ = {
			isa = XCConfigurationList;
			buildConfigurations = (
				B9ABF90925B786DF00E0BF58 /* Debug */,
				B9ABF90A25B786DF00E0BF58 /* Release */,
			);
			defaultConfigurationIsVisible = 0;
			defaultConfigurationName = Release;
		};
		B9ABF90B25B786DF00E0BF58 /* Build configuration list for PBXNativeTarget "Emojis" */ = {
			isa = XCConfigurationList;
			buildConfigurations = (
				B9ABF90C25B786DF00E0BF58 /* Debug */,
				B9ABF90D25B786DF00E0BF58 /* Release */,
			);
			defaultConfigurationIsVisible = 0;
			defaultConfigurationName = Release;
		};
/* End XCConfigurationList section */
	};
	rootObject = B9ABF8F425B786DD00E0BF58 /* Project object */;
}
